Microsoft Visual Studio Solution File, Format Version 12.00
# Visual Studio Version 17
VisualStudioVersion = 17.5.2.0
MinimumVisualStudioVersion = 10.0.40219.1
Project("{FAE04EC0-301F-11D3-BF4B-00C04F79EFBC}") = "cube_game", "cube_game.csproj", "{75620812-0BBF-AF2F-4D65-AEC32CFA10EF}"
EndProject
Global
	GlobalSection(SolutionConfigurationPlatforms) = preSolution
		Debug|Any CPU = Debug|Any CPU
		Release|Any CPU = Release|Any CPU
	EndGlobalSection
	GlobalSection(ProjectConfigurationPlatforms) = postSolution
		{75620812-0BBF-AF2F-4D65-AEC32CFA10EF}.Debug|Any CPU.ActiveCfg = Debug|Any CPU
		{75620812-0BBF-AF2F-4D65-AEC32CFA10EF}.Debug|Any CPU.Build.0 = Debug|Any CPU
		{75620812-0BBF-AF2F-4D65-AEC32CFA10EF}.Release|Any CPU.ActiveCfg = Release|Any CPU
		{75620812-0BBF-AF2F-4D65-AEC32CFA10EF}.Release|Any CPU.Build.0 = Release|Any CPU
	EndGlobalSection
	GlobalSection(SolutionProperties) = preSolution
		HideSolutionNode = FALSE
	EndGlobalSection
	GlobalSection(ExtensibilityGlobals) = postSolution
		SolutionGuid = {36A4DB63-4F46-465C-AB29-88D09D02134A}
	EndGlobalSection
EndGlobal
